
Microsoft Visual Studio Solution File, Format Version 12.00
# Visual Studio Version 16
VisualStudioVersion = 16.0.31129.286
MinimumVisualStudioVersion = 10.0.40219.1
Project("{8BC9CEB8-8B4A-11D0-8D11-00A0C91BC942}") = "Inheritance", "Inheritance\Inheritance.vcxproj", "{E2FB26ED-2B8C-43DD-9D8F-A7E3183031F6}"
EndProject
Project("{8BC9CEB8-8B4A-11D0-8D11-00A0C91BC942}") = "Academy", "Academy\Academy.vcxproj", "{618F2886-EE63-4C02-83EE-0170DCA3D50B}"
EndProject
Project("{8BC9CEB8-8B4A-11D0-8D11-00A0C91BC942}") = "Files", "Files\Files.vcxproj", "{9C7107B6-9B3A-4829-92B1-F3DF31994732}"
EndProject
Project("{8BC9CEB8-8B4A-11D0-8D11-00A0C91BC942}") = "AbstractBaseClass", "AbstractBaseClass\AbstractBaseClass.vcxproj", "{B6329392-FB25-4BD6-81C3-92B2D9F22085}"
EndProject
Project("{8BC9CEB8-8B4A-11D0-8D11-00A0C91BC942}") = "AbstractGeometry", "AbstractGeometry\AbstractGeometry.vcxproj", "{F8177C3E-FFF0-4CD3-AA60-69172441FFE1}"
EndProject
Project("{8BC9CEB8-8B4A-11D0-8D11-00A0C91BC942}") = "Threads", "Threads\Threads.vcxproj", "{3B56ACF9-7A08-445F-8CE5-BC7D164602C4}"
EndProject
Global
	GlobalSection(SolutionConfigurationPlatforms) = preSolution
		Debug|x64 = Debug|x64
		Debug|x86 = Debug|x86
		Release|x64 = Release|x64
		Release|x86 = Release|x86
	EndGlobalSection
	GlobalSection(ProjectConfigurationPlatforms) = postSolution
		{E2FB26ED-2B8C-43DD-9D8F-A7E3183031F6}.Debug|x64.ActiveCfg = Debug|x64
		{E2FB26ED-2B8C-43DD-9D8F-A7E3183031F6}.Debug|x64.Build.0 = Debug|x64
		{E2FB26ED-2B8C-43DD-9D8F-A7E3183031F6}.Debug|x86.ActiveCfg = Debug|Win32
		{E2FB26ED-2B8C-43DD-9D8F-A7E3183031F6}.Debug|x86.Build.0 = Debug|Win32
		{E2FB26ED-2B8C-43DD-9D8F-A7E3183031F6}.Release|x64.ActiveCfg = Release|x64
		{E2FB26ED-2B8C-43DD-9D8F-A7E3183031F6}.Release|x64.Build.0 = Release|x64
		{E2FB26ED-2B8C-43DD-9D8F-A7E3183031F6}.Release|x86.ActiveCfg = Release|Win32
		{E2FB26ED-2B8C-43DD-9D8F-A7E3183031F6}.Release|x86.Build.0 = Release|Win32
		{618F2886-EE63-4C02-83EE-0170DCA3D50B}.Debug|x64.ActiveCfg = Debug|x64
		{618F2886-EE63-4C02-83EE-0170DCA3D50B}.Debug|x64.Build.0 = Debug|x64
		{618F2886-EE63-4C02-83EE-0170DCA3D50B}.Debug|x86.ActiveCfg = Debug|Win32
		{618F2886-EE63-4C02-83EE-0170DCA3D50B}.Debug|x86.Build.0 = Debug|Win32
		{618F2886-EE63-4C02-83EE-0170DCA3D50B}.Release|x64.ActiveCfg = Release|x64
		{618F2886-EE63-4C02-83EE-0170DCA3D50B}.Release|x64.Build.0 = Release|x64
		{618F2886-EE63-4C02-83EE-0170DCA3D50B}.Release|x86.ActiveCfg = Release|Win32
		{618F2886-EE63-4C02-83EE-0170DCA3D50B}.Release|x86.Build.0 = Release|Win32
		{9C7107B6-9B3A-4829-92B1-F3DF31994732}.Debug|x64.ActiveCfg = Debug|x64
		{9C7107B6-9B3A-4829-92B1-F3DF31994732}.Debug|x64.Build.0 = Debug|x64
		{9C7107B6-9B3A-4829-92B1-F3DF31994732}.Debug|x86.ActiveCfg = Debug|Win32
		{9C7107B6-9B3A-4829-92B1-F3DF31994732}.Debug|x86.Build.0 = Debug|Win32
		{9C7107B6-9B3A-4829-92B1-F3DF31994732}.Release|x64.ActiveCfg = Release|x64
		{9C7107B6-9B3A-4829-92B1-F3DF31994732}.Release|x64.Build.0 = Release|x64
		{9C7107B6-9B3A-4829-92B1-F3DF31994732}.Release|x86.ActiveCfg = Release|Win32
		{9C7107B6-9B3A-4829-92B1-F3DF31994732}.Release|x86.Build.0 = Release|Win32
		{B6329392-FB25-4BD6-81C3-92B2D9F22085}.Debug|x64.ActiveCfg = Debug|x64
		{B6329392-FB25-4BD6-81C3-92B2D9F22085}.Debug|x64.Build.0 = Debug|x64
		{B6329392-FB25-4BD6-81C3-92B2D9F22085}.Debug|x86.ActiveCfg = Debug|Win32
		{B6329392-FB25-4BD6-81C3-92B2D9F22085}.Debug|x86.Build.0 = Debug|Win32
		{B6329392-FB25-4BD6-81C3-92B2D9F22085}.Release|x64.ActiveCfg = Release|x64
		{B6329392-FB25-4BD6-81C3-92B2D9F22085}.Release|x64.Build.0 = Release|x64
		{B6329392-FB25-4BD6-81C3-92B2D9F22085}.Release|x86.ActiveCfg = Release|Win32
		{B6329392-FB25-4BD6-81C3-92B2D9F22085}.Release|x86.Build.0 = Release|Win32
		{F8177C3E-FFF0-4CD3-AA60-69172441FFE1}.Debug|x64.ActiveCfg = Debug|x64
		{F8177C3E-FFF0-4CD3-AA60-69172441FFE1}.Debug|x64.Build.0 = Debug|x64
		{F8177C3E-FFF0-4CD3-AA60-69172441FFE1}.Debug|x86.ActiveCfg = Debug|Win32
		{F8177C3E-FFF0-4CD3-AA60-69172441FFE1}.Debug|x86.Build.0 = Debug|Win32
		{F8177C3E-FFF0-4CD3-AA60-69172441FFE1}.Release|x64.ActiveCfg = Release|x64
		{F8177C3E-FFF0-4CD3-AA60-69172441FFE1}.Release|x64.Build.0 = Release|x64
		{F8177C3E-FFF0-4CD3-AA60-69172441FFE1}.Release|x86.ActiveCfg = Release|Win32
		{F8177C3E-FFF0-4CD3-AA60-69172441FFE1}.Release|x86.Build.0 = Release|Win32
		{3B56ACF9-7A08-445F-8CE5-BC7D164602C4}.Debug|x64.ActiveCfg = Debug|x64
		{3B56ACF9-7A08-445F-8CE5-BC7D164602C4}.Debug|x64.Build.0 = Debug|x64
		{3B56ACF9-7A08-445F-8CE5-BC7D164602C4}.Debug|x86.ActiveCfg = Debug|Win32
		{3B56ACF9-7A08-445F-8CE5-BC7D164602C4}.Debug|x86.Build.0 = Debug|Win32
		{3B56ACF9-7A08-445F-8CE5-BC7D164602C4}.Release|x64.ActiveCfg = Release|x64
		{3B56ACF9-7A08-445F-8CE5-BC7D164602C4}.Release|x64.Build.0 = Release|x64
		{3B56ACF9-7A08-445F-8CE5-BC7D164602C4}.Release|x86.ActiveCfg = Release|Win32
		{3B56ACF9-7A08-445F-8CE5-BC7D164602C4}.Release|x86.Build.0 = Release|Win32
	EndGlobalSection
	GlobalSection(SolutionProperties) = preSolution
		HideSolutionNode = FALSE
	EndGlobalSection
	GlobalSection(ExtensibilityGlobals) = postSolution
		SolutionGuid = {6318C60F-0D86-4AE7-8A0A-76CFE7AF5076}
	EndGlobalSection
EndGlobal
